
Microsoft Visual Studio Solution File, Format Version 12.00
# Visual Studio Version 16
VisualStudioVersion = 16.0.29911.84
MinimumVisualStudioVersion = 10.0.40219.1
Project("{FAE04EC0-301F-11D3-BF4B-00C04F79EFBC}") = "BookListRazor", "BookListRazor\BookListRazor.csproj", "{AB1F9B8C-FE48-4ABC-9E82-BC81F7FAC4E6}"
EndProject
Global
	GlobalSection(SolutionConfigurationPlatforms) = preSolution
		Debug|Any CPU = Debug|Any CPU
		Release|Any CPU = Release|Any CPU
	EndGlobalSection
	GlobalSection(ProjectConfigurationPlatforms) = postSolution
		{AB1F9B8C-FE48-4ABC-9E82-BC81F7FAC4E6}.Debug|Any CPU.ActiveCfg = Debug|Any CPU
		{AB1F9B8C-FE48-4ABC-9E82-BC81F7FAC4E6}.Debug|Any CPU.Build.0 = Debug|Any CPU
		{AB1F9B8C-FE48-4ABC-9E82-BC81F7FAC4E6}.Release|Any CPU.ActiveCfg = Release|Any CPU
		{AB1F9B8C-FE48-4ABC-9E82-BC81F7FAC4E6}.Release|Any CPU.Build.0 = Release|Any CPU
	EndGlobalSection
	GlobalSection(SolutionProperties) = preSolution
		HideSolutionNode = FALSE
	EndGlobalSection
	GlobalSection(ExtensibilityGlobals) = postSolution
		SolutionGuid = {C9DCC086-B804-477F-A07B-55447E0F6752}
	EndGlobalSection
EndGlobal
